
Microsoft Visual Studio Solution File, Format Version 12.00
# Visual Studio Version 16
Project("{2150E333-8FDC-42A3-9474-1A3956D46DE8}") = "CMakePredefinedTargets", "CMakePredefinedTargets", "{42FC1595-5291-301E-9D97-D9CB7FAD16D9}"
EndProject
Project("{2150E333-8FDC-42A3-9474-1A3956D46DE8}") = "cpp", "cpp", "{B28A22DB-96B0-34F0-85BC-A67441D180FB}"
EndProject
Project("{2150E333-8FDC-42A3-9474-1A3956D46DE8}") = "examples", "cpp\examples", "{64B5B005-8796-3621-AD97-8C1D7602CABB}"
EndProject
Project("{2150E333-8FDC-42A3-9474-1A3956D46DE8}") = "lib", "cpp\lib", "{0B729422-1E68-3AC6-92FB-E4B729AA890A}"
EndProject
Project("{2150E333-8FDC-42A3-9474-1A3956D46DE8}") = "dotnet", "dotnet", "{5738B8A7-983E-35CC-8F87-EE6043A9C0B2}"
EndProject
Project("{2150E333-8FDC-42A3-9474-1A3956D46DE8}") = "examples", "dotnet\examples", "{6BF94DE6-2A80-3383-BB17-0491ED4701F2}"
EndProject
Project("{2150E333-8FDC-42A3-9474-1A3956D46DE8}") = "libs", "dotnet\libs", "{7E0B4A1F-5325-37C6-AA63-04C994157C10}"
EndProject
Project("{8BC9CEB8-8B4A-11D0-8D11-00A0C91BC942}") = "ALL_BUILD", "ALL_BUILD.vcxproj", "{9FE53A42-22E1-31F0-9D15-C1F314DC49F8}"
	ProjectSection(ProjectDependencies) = postProject
		{7AE5E370-B6A5-3A8A-97B2-F31B4D67B0E3} = {7AE5E370-B6A5-3A8A-97B2-F31B4D67B0E3}
		{3622E126-E8EC-384E-A5E2-AD5D94CD800B} = {3622E126-E8EC-384E-A5E2-AD5D94CD800B}
		{1799E3DE-D51B-3103-B5AB-556EFCB3E3B0} = {1799E3DE-D51B-3103-B5AB-556EFCB3E3B0}
		{C19B3BE1-C87E-3EB6-B776-7E7A41FFE794} = {C19B3BE1-C87E-3EB6-B776-7E7A41FFE794}
		{22DA0405-B2AD-3906-A178-6123E4E62A61} = {22DA0405-B2AD-3906-A178-6123E4E62A61}
		{E1FEE29A-8FD2-3D5B-958C-D8EB91DC9028} = {E1FEE29A-8FD2-3D5B-958C-D8EB91DC9028}
		{353C9F8C-F095-39F6-8BE5-3477EB2F543A} = {353C9F8C-F095-39F6-8BE5-3477EB2F543A}
		{8CFD63EF-DDFE-39EB-BCDF-98C5D3328DD6} = {8CFD63EF-DDFE-39EB-BCDF-98C5D3328DD6}
		{5324A258-5F4B-30A6-8204-00EFCEE21DF0} = {5324A258-5F4B-30A6-8204-00EFCEE21DF0}
		{D257780D-999C-36BA-81A3-3AE5E5D7248E} = {D257780D-999C-36BA-81A3-3AE5E5D7248E}
		{28E861DF-E1C8-383C-8688-81522076D860} = {28E861DF-E1C8-383C-8688-81522076D860}
		{90419AD7-7D99-39FA-814F-9B82EB803996} = {90419AD7-7D99-39FA-814F-9B82EB803996}
		{B97D04F4-908E-35CF-8E34-97C5B46D7C18} = {B97D04F4-908E-35CF-8E34-97C5B46D7C18}
		{8EA5DE7F-E93C-33C2-A486-E42804D0357D} = {8EA5DE7F-E93C-33C2-A486-E42804D0357D}
	EndProjectSection
EndProject
Project("{8BC9CEB8-8B4A-11D0-8D11-00A0C91BC942}") = "DNP3CLRAdapter", "dotnet\CLRAdapter\DNP3CLRAdapter.vcxproj", "{7AE5E370-B6A5-3A8A-97B2-F31B4D67B0E3}"
	ProjectSection(ProjectDependencies) = postProject
		{3622E126-E8EC-384E-A5E2-AD5D94CD800B} = {3622E126-E8EC-384E-A5E2-AD5D94CD800B}
		{1799E3DE-D51B-3103-B5AB-556EFCB3E3B0} = {1799E3DE-D51B-3103-B5AB-556EFCB3E3B0}
		{28E861DF-E1C8-383C-8688-81522076D860} = {28E861DF-E1C8-383C-8688-81522076D860}
	EndProjectSection
EndProject
Project("{FAE04EC0-301F-11D3-BF4B-00C04F79EFBC}") = "DNP3CLRInterface", "dotnet\CLRInterface\DNP3CLRInterface.csproj", "{3622E126-E8EC-384E-A5E2-AD5D94CD800B}"
	ProjectSection(ProjectDependencies) = postProject
		{1799E3DE-D51B-3103-B5AB-556EFCB3E3B0} = {1799E3DE-D51B-3103-B5AB-556EFCB3E3B0}
	EndProjectSection
EndProject
Project("{8BC9CEB8-8B4A-11D0-8D11-00A0C91BC942}") = "INSTALL", "INSTALL.vcxproj", "{291C8152-CDE7-3E86-AD2E-DF6E03D7769F}"
	ProjectSection(ProjectDependencies) = postProject
		{9FE53A42-22E1-31F0-9D15-C1F314DC49F8} = {9FE53A42-22E1-31F0-9D15-C1F314DC49F8}
		{1799E3DE-D51B-3103-B5AB-556EFCB3E3B0} = {1799E3DE-D51B-3103-B5AB-556EFCB3E3B0}
	EndProjectSection
EndProject
Project("{8BC9CEB8-8B4A-11D0-8D11-00A0C91BC942}") = "PACKAGE", "PACKAGE.vcxproj", "{4598B606-1013-392A-A30A-A12864F6276A}"
	ProjectSection(ProjectDependencies) = postProject
		{9FE53A42-22E1-31F0-9D15-C1F314DC49F8} = {9FE53A42-22E1-31F0-9D15-C1F314DC49F8}
		{1799E3DE-D51B-3103-B5AB-556EFCB3E3B0} = {1799E3DE-D51B-3103-B5AB-556EFCB3E3B0}
	EndProjectSection
EndProject
Project("{8BC9CEB8-8B4A-11D0-8D11-00A0C91BC942}") = "ZERO_CHECK", "ZERO_CHECK.vcxproj", "{1799E3DE-D51B-3103-B5AB-556EFCB3E3B0}"
	ProjectSection(ProjectDependencies) = postProject
	EndProjectSection
EndProject
Project("{8BC9CEB8-8B4A-11D0-8D11-00A0C91BC942}") = "decoder", "cpp\examples\decoder\decoder.vcxproj", "{C19B3BE1-C87E-3EB6-B776-7E7A41FFE794}"
	ProjectSection(ProjectDependencies) = postProject
		{1799E3DE-D51B-3103-B5AB-556EFCB3E3B0} = {1799E3DE-D51B-3103-B5AB-556EFCB3E3B0}
		{28E861DF-E1C8-383C-8688-81522076D860} = {28E861DF-E1C8-383C-8688-81522076D860}
	EndProjectSection
EndProject
Project("{8BC9CEB8-8B4A-11D0-8D11-00A0C91BC942}") = "master-demo", "cpp\examples\master\master-demo.vcxproj", "{22DA0405-B2AD-3906-A178-6123E4E62A61}"
	ProjectSection(ProjectDependencies) = postProject
		{1799E3DE-D51B-3103-B5AB-556EFCB3E3B0} = {1799E3DE-D51B-3103-B5AB-556EFCB3E3B0}
		{28E861DF-E1C8-383C-8688-81522076D860} = {28E861DF-E1C8-383C-8688-81522076D860}
	EndProjectSection
EndProject
Project("{FAE04EC0-301F-11D3-BF4B-00C04F79EFBC}") = "master-dotnet", "dotnet\examples\master\master-dotnet.csproj", "{E1FEE29A-8FD2-3D5B-958C-D8EB91DC9028}"
	ProjectSection(ProjectDependencies) = postProject
		{7AE5E370-B6A5-3A8A-97B2-F31B4D67B0E3} = {7AE5E370-B6A5-3A8A-97B2-F31B4D67B0E3}
		{3622E126-E8EC-384E-A5E2-AD5D94CD800B} = {3622E126-E8EC-384E-A5E2-AD5D94CD800B}
		{1799E3DE-D51B-3103-B5AB-556EFCB3E3B0} = {1799E3DE-D51B-3103-B5AB-556EFCB3E3B0}
		{28E861DF-E1C8-383C-8688-81522076D860} = {28E861DF-E1C8-383C-8688-81522076D860}
	EndProjectSection
EndProject
Project("{FAE04EC0-301F-11D3-BF4B-00C04F79EFBC}") = "master-dotnet-gprs", "dotnet\examples\master-gprs\master-dotnet-gprs.csproj", "{353C9F8C-F095-39F6-8BE5-3477EB2F543A}"
	ProjectSection(ProjectDependencies) = postProject
		{7AE5E370-B6A5-3A8A-97B2-F31B4D67B0E3} = {7AE5E370-B6A5-3A8A-97B2-F31B4D67B0E3}
		{3622E126-E8EC-384E-A5E2-AD5D94CD800B} = {3622E126-E8EC-384E-A5E2-AD5D94CD800B}
		{1799E3DE-D51B-3103-B5AB-556EFCB3E3B0} = {1799E3DE-D51B-3103-B5AB-556EFCB3E3B0}
		{28E861DF-E1C8-383C-8688-81522076D860} = {28E861DF-E1C8-383C-8688-81522076D860}
	EndProjectSection
EndProject
Project("{FAE04EC0-301F-11D3-BF4B-00C04F79EFBC}") = "master-dotnet-gprs-tls", "dotnet\examples\master-gprs-tls\master-dotnet-gprs-tls.csproj", "{8CFD63EF-DDFE-39EB-BCDF-98C5D3328DD6}"
	ProjectSection(ProjectDependencies) = postProject
		{7AE5E370-B6A5-3A8A-97B2-F31B4D67B0E3} = {7AE5E370-B6A5-3A8A-97B2-F31B4D67B0E3}
		{3622E126-E8EC-384E-A5E2-AD5D94CD800B} = {3622E126-E8EC-384E-A5E2-AD5D94CD800B}
		{1799E3DE-D51B-3103-B5AB-556EFCB3E3B0} = {1799E3DE-D51B-3103-B5AB-556EFCB3E3B0}
		{28E861DF-E1C8-383C-8688-81522076D860} = {28E861DF-E1C8-383C-8688-81522076D860}
	EndProjectSection
EndProject
Project("{8BC9CEB8-8B4A-11D0-8D11-00A0C91BC942}") = "master-gprs-demo", "cpp\examples\master-gprs\master-gprs-demo.vcxproj", "{5324A258-5F4B-30A6-8204-00EFCEE21DF0}"
	ProjectSection(ProjectDependencies) = postProject
		{1799E3DE-D51B-3103-B5AB-556EFCB3E3B0} = {1799E3DE-D51B-3103-B5AB-556EFCB3E3B0}
		{28E861DF-E1C8-383C-8688-81522076D860} = {28E861DF-E1C8-383C-8688-81522076D860}
	EndProjectSection
EndProject
Project("{8BC9CEB8-8B4A-11D0-8D11-00A0C91BC942}") = "master-udp-demo", "cpp\examples\master-udp\master-udp-demo.vcxproj", "{D257780D-999C-36BA-81A3-3AE5E5D7248E}"
	ProjectSection(ProjectDependencies) = postProject
		{1799E3DE-D51B-3103-B5AB-556EFCB3E3B0} = {1799E3DE-D51B-3103-B5AB-556EFCB3E3B0}
		{28E861DF-E1C8-383C-8688-81522076D860} = {28E861DF-E1C8-383C-8688-81522076D860}
	EndProjectSection
EndProject
Project("{8BC9CEB8-8B4A-11D0-8D11-00A0C91BC942}") = "opendnp3", "cpp\lib\opendnp3.vcxproj", "{28E861DF-E1C8-383C-8688-81522076D860}"
	ProjectSection(ProjectDependencies) = postProject
		{1799E3DE-D51B-3103-B5AB-556EFCB3E3B0} = {1799E3DE-D51B-3103-B5AB-556EFCB3E3B0}
	EndProjectSection
EndProject
Project("{8BC9CEB8-8B4A-11D0-8D11-00A0C91BC942}") = "outstation-demo", "cpp\examples\outstation\outstation-demo.vcxproj", "{90419AD7-7D99-39FA-814F-9B82EB803996}"
	ProjectSection(ProjectDependencies) = postProject
		{1799E3DE-D51B-3103-B5AB-556EFCB3E3B0} = {1799E3DE-D51B-3103-B5AB-556EFCB3E3B0}
		{28E861DF-E1C8-383C-8688-81522076D860} = {28E861DF-E1C8-383C-8688-81522076D860}
	EndProjectSection
EndProject
Project("{FAE04EC0-301F-11D3-BF4B-00C04F79EFBC}") = "outstation-dotnet", "dotnet\examples\outstation\outstation-dotnet.csproj", "{B97D04F4-908E-35CF-8E34-97C5B46D7C18}"
	ProjectSection(ProjectDependencies) = postProject
		{7AE5E370-B6A5-3A8A-97B2-F31B4D67B0E3} = {7AE5E370-B6A5-3A8A-97B2-F31B4D67B0E3}
		{3622E126-E8EC-384E-A5E2-AD5D94CD800B} = {3622E126-E8EC-384E-A5E2-AD5D94CD800B}
		{1799E3DE-D51B-3103-B5AB-556EFCB3E3B0} = {1799E3DE-D51B-3103-B5AB-556EFCB3E3B0}
		{28E861DF-E1C8-383C-8688-81522076D860} = {28E861DF-E1C8-383C-8688-81522076D860}
	EndProjectSection
EndProject
Project("{8BC9CEB8-8B4A-11D0-8D11-00A0C91BC942}") = "outstation-udp-demo", "cpp\examples\outstation-udp\outstation-udp-demo.vcxproj", "{8EA5DE7F-E93C-33C2-A486-E42804D0357D}"
	ProjectSection(ProjectDependencies) = postProject
		{1799E3DE-D51B-3103-B5AB-556EFCB3E3B0} = {1799E3DE-D51B-3103-B5AB-556EFCB3E3B0}
		{28E861DF-E1C8-383C-8688-81522076D860} = {28E861DF-E1C8-383C-8688-81522076D860}
	EndProjectSection
EndProject
Global
	GlobalSection(SolutionConfigurationPlatforms) = preSolution
		Debug|x64 = Debug|x64
		Release|x64 = Release|x64
		MinSizeRel|x64 = MinSizeRel|x64
		RelWithDebInfo|x64 = RelWithDebInfo|x64
	EndGlobalSection
	GlobalSection(ProjectConfigurationPlatforms) = postSolution
		{9FE53A42-22E1-31F0-9D15-C1F314DC49F8}.Debug|x64.ActiveCfg = Debug|x64
		{9FE53A42-22E1-31F0-9D15-C1F314DC49F8}.Debug|x64.Build.0 = Debug|x64
		{9FE53A42-22E1-31F0-9D15-C1F314DC49F8}.Release|x64.ActiveCfg = Release|x64
		{9FE53A42-22E1-31F0-9D15-C1F314DC49F8}.Release|x64.Build.0 = Release|x64
		{9FE53A42-22E1-31F0-9D15-C1F314DC49F8}.MinSizeRel|x64.ActiveCfg = MinSizeRel|x64
		{9FE53A42-22E1-31F0-9D15-C1F314DC49F8}.MinSizeRel|x64.Build.0 = MinSizeRel|x64
		{9FE53A42-22E1-31F0-9D15-C1F314DC49F8}.RelWithDebInfo|x64.ActiveCfg = RelWithDebInfo|x64
		{9FE53A42-22E1-31F0-9D15-C1F314DC49F8}.RelWithDebInfo|x64.Build.0 = RelWithDebInfo|x64
		{7AE5E370-B6A5-3A8A-97B2-F31B4D67B0E3}.Debug|x64.ActiveCfg = Debug|x64
		{7AE5E370-B6A5-3A8A-97B2-F31B4D67B0E3}.Debug|x64.Build.0 = Debug|x64
		{7AE5E370-B6A5-3A8A-97B2-F31B4D67B0E3}.Release|x64.ActiveCfg = Release|x64
		{7AE5E370-B6A5-3A8A-97B2-F31B4D67B0E3}.Release|x64.Build.0 = Release|x64
		{7AE5E370-B6A5-3A8A-97B2-F31B4D67B0E3}.MinSizeRel|x64.ActiveCfg = MinSizeRel|x64
		{7AE5E370-B6A5-3A8A-97B2-F31B4D67B0E3}.MinSizeRel|x64.Build.0 = MinSizeRel|x64
		{7AE5E370-B6A5-3A8A-97B2-F31B4D67B0E3}.RelWithDebInfo|x64.ActiveCfg = RelWithDebInfo|x64
		{7AE5E370-B6A5-3A8A-97B2-F31B4D67B0E3}.RelWithDebInfo|x64.Build.0 = RelWithDebInfo|x64
		{3622E126-E8EC-384E-A5E2-AD5D94CD800B}.Debug|x64.ActiveCfg = Debug|x64
		{3622E126-E8EC-384E-A5E2-AD5D94CD800B}.Debug|x64.Build.0 = Debug|x64
		{3622E126-E8EC-384E-A5E2-AD5D94CD800B}.Release|x64.ActiveCfg = Release|x64
		{3622E126-E8EC-384E-A5E2-AD5D94CD800B}.Release|x64.Build.0 = Release|x64
		{3622E126-E8EC-384E-A5E2-AD5D94CD800B}.MinSizeRel|x64.ActiveCfg = MinSizeRel|x64
		{3622E126-E8EC-384E-A5E2-AD5D94CD800B}.MinSizeRel|x64.Build.0 = MinSizeRel|x64
		{3622E126-E8EC-384E-A5E2-AD5D94CD800B}.RelWithDebInfo|x64.ActiveCfg = RelWithDebInfo|x64
		{3622E126-E8EC-384E-A5E2-AD5D94CD800B}.RelWithDebInfo|x64.Build.0 = RelWithDebInfo|x64
		{291C8152-CDE7-3E86-AD2E-DF6E03D7769F}.Debug|x64.ActiveCfg = Debug|x64
		{291C8152-CDE7-3E86-AD2E-DF6E03D7769F}.Release|x64.ActiveCfg = Release|x64
		{291C8152-CDE7-3E86-AD2E-DF6E03D7769F}.MinSizeRel|x64.ActiveCfg = MinSizeRel|x64
		{291C8152-CDE7-3E86-AD2E-DF6E03D7769F}.RelWithDebInfo|x64.ActiveCfg = RelWithDebInfo|x64
		{4598B606-1013-392A-A30A-A12864F6276A}.Debug|x64.ActiveCfg = Debug|x64
		{4598B606-1013-392A-A30A-A12864F6276A}.Release|x64.ActiveCfg = Release|x64
		{4598B606-1013-392A-A30A-A12864F6276A}.MinSizeRel|x64.ActiveCfg = MinSizeRel|x64
		{4598B606-1013-392A-A30A-A12864F6276A}.RelWithDebInfo|x64.ActiveCfg = RelWithDebInfo|x64
		{1799E3DE-D51B-3103-B5AB-556EFCB3E3B0}.Debug|x64.ActiveCfg = Debug|x64
		{1799E3DE-D51B-3103-B5AB-556EFCB3E3B0}.Debug|x64.Build.0 = Debug|x64
		{1799E3DE-D51B-3103-B5AB-556EFCB3E3B0}.Release|x64.ActiveCfg = Release|x64
		{1799E3DE-D51B-3103-B5AB-556EFCB3E3B0}.Release|x64.Build.0 = Release|x64
		{1799E3DE-D51B-3103-B5AB-556EFCB3E3B0}.MinSizeRel|x64.ActiveCfg = MinSizeRel|x64
		{1799E3DE-D51B-3103-B5AB-556EFCB3E3B0}.MinSizeRel|x64.Build.0 = MinSizeRel|x64
		{1799E3DE-D51B-3103-B5AB-556EFCB3E3B0}.RelWithDebInfo|x64.ActiveCfg = RelWithDebInfo|x64
		{1799E3DE-D51B-3103-B5AB-556EFCB3E3B0}.RelWithDebInfo|x64.Build.0 = RelWithDebInfo|x64
		{C19B3BE1-C87E-3EB6-B776-7E7A41FFE794}.Debug|x64.ActiveCfg = Debug|x64
		{C19B3BE1-C87E-3EB6-B776-7E7A41FFE794}.Debug|x64.Build.0 = Debug|x64
		{C19B3BE1-C87E-3EB6-B776-7E7A41FFE794}.Release|x64.ActiveCfg = Release|x64
		{C19B3BE1-C87E-3EB6-B776-7E7A41FFE794}.Release|x64.Build.0 = Release|x64
		{C19B3BE1-C87E-3EB6-B776-7E7A41FFE794}.MinSizeRel|x64.ActiveCfg = MinSizeRel|x64
		{C19B3BE1-C87E-3EB6-B776-7E7A41FFE794}.MinSizeRel|x64.Build.0 = MinSizeRel|x64
		{C19B3BE1-C87E-3EB6-B776-7E7A41FFE794}.RelWithDebInfo|x64.ActiveCfg = RelWithDebInfo|x64
		{C19B3BE1-C87E-3EB6-B776-7E7A41FFE794}.RelWithDebInfo|x64.Build.0 = RelWithDebInfo|x64
		{22DA0405-B2AD-3906-A178-6123E4E62A61}.Debug|x64.ActiveCfg = Debug|x64
		{22DA0405-B2AD-3906-A178-6123E4E62A61}.Debug|x64.Build.0 = Debug|x64
		{22DA0405-B2AD-3906-A178-6123E4E62A61}.Release|x64.ActiveCfg = Release|x64
		{22DA0405-B2AD-3906-A178-6123E4E62A61}.Release|x64.Build.0 = Release|x64
		{22DA0405-B2AD-3906-A178-6123E4E62A61}.MinSizeRel|x64.ActiveCfg = MinSizeRel|x64
		{22DA0405-B2AD-3906-A178-6123E4E62A61}.MinSizeRel|x64.Build.0 = MinSizeRel|x64
		{22DA0405-B2AD-3906-A178-6123E4E62A61}.RelWithDebInfo|x64.ActiveCfg = RelWithDebInfo|x64
		{22DA0405-B2AD-3906-A178-6123E4E62A61}.RelWithDebInfo|x64.Build.0 = RelWithDebInfo|x64
		{E1FEE29A-8FD2-3D5B-958C-D8EB91DC9028}.Debug|x64.ActiveCfg = Debug|x64
		{E1FEE29A-8FD2-3D5B-958C-D8EB91DC9028}.Debug|x64.Build.0 = Debug|x64
		{E1FEE29A-8FD2-3D5B-958C-D8EB91DC9028}.Release|x64.ActiveCfg = Release|x64
		{E1FEE29A-8FD2-3D5B-958C-D8EB91DC9028}.Release|x64.Build.0 = Release|x64
		{E1FEE29A-8FD2-3D5B-958C-D8EB91DC9028}.MinSizeRel|x64.ActiveCfg = MinSizeRel|x64
		{E1FEE29A-8FD2-3D5B-958C-D8EB91DC9028}.MinSizeRel|x64.Build.0 = MinSizeRel|x64
		{E1FEE29A-8FD2-3D5B-958C-D8EB91DC9028}.RelWithDebInfo|x64.ActiveCfg = RelWithDebInfo|x64
		{E1FEE29A-8FD2-3D5B-958C-D8EB91DC9028}.RelWithDebInfo|x64.Build.0 = RelWithDebInfo|x64
		{353C9F8C-F095-39F6-8BE5-3477EB2F543A}.Debug|x64.ActiveCfg = Debug|x64
		{353C9F8C-F095-39F6-8BE5-3477EB2F543A}.Debug|x64.Build.0 = Debug|x64
		{353C9F8C-F095-39F6-8BE5-3477EB2F543A}.Release|x64.ActiveCfg = Release|x64
		{353C9F8C-F095-39F6-8BE5-3477EB2F543A}.Release|x64.Build.0 = Release|x64
		{353C9F8C-F095-39F6-8BE5-3477EB2F543A}.MinSizeRel|x64.ActiveCfg = MinSizeRel|x64
		{353C9F8C-F095-39F6-8BE5-3477EB2F543A}.MinSizeRel|x64.Build.0 = MinSizeRel|x64
		{353C9F8C-F095-39F6-8BE5-3477EB2F543A}.RelWithDebInfo|x64.ActiveCfg = RelWithDebInfo|x64
		{353C9F8C-F095-39F6-8BE5-3477EB2F543A}.RelWithDebInfo|x64.Build.0 = RelWithDebInfo|x64
		{8CFD63EF-DDFE-39EB-BCDF-98C5D3328DD6}.Debug|x64.ActiveCfg = Debug|x64
		{8CFD63EF-DDFE-39EB-BCDF-98C5D3328DD6}.Debug|x64.Build.0 = Debug|x64
		{8CFD63EF-DDFE-39EB-BCDF-98C5D3328DD6}.Release|x64.ActiveCfg = Release|x64
		{8CFD63EF-DDFE-39EB-BCDF-98C5D3328DD6}.Release|x64.Build.0 = Release|x64
		{8CFD63EF-DDFE-39EB-BCDF-98C5D3328DD6}.MinSizeRel|x64.ActiveCfg = MinSizeRel|x64
		{8CFD63EF-DDFE-39EB-BCDF-98C5D3328DD6}.MinSizeRel|x64.Build.0 = MinSizeRel|x64
		{8CFD63EF-DDFE-39EB-BCDF-98C5D3328DD6}.RelWithDebInfo|x64.ActiveCfg = RelWithDebInfo|x64
		{8CFD63EF-DDFE-39EB-BCDF-98C5D3328DD6}.RelWithDebInfo|x64.Build.0 = RelWithDebInfo|x64
		{5324A258-5F4B-30A6-8204-00EFCEE21DF0}.Debug|x64.ActiveCfg = Debug|x64
		{5324A258-5F4B-30A6-8204-00EFCEE21DF0}.Debug|x64.Build.0 = Debug|x64
		{5324A258-5F4B-30A6-8204-00EFCEE21DF0}.Release|x64.ActiveCfg = Release|x64
		{5324A258-5F4B-30A6-8204-00EFCEE21DF0}.Release|x64.Build.0 = Release|x64
		{5324A258-5F4B-30A6-8204-00EFCEE21DF0}.MinSizeRel|x64.ActiveCfg = MinSizeRel|x64
		{5324A258-5F4B-30A6-8204-00EFCEE21DF0}.MinSizeRel|x64.Build.0 = MinSizeRel|x64
		{5324A258-5F4B-30A6-8204-00EFCEE21DF0}.RelWithDebInfo|x64.ActiveCfg = RelWithDebInfo|x64
		{5324A258-5F4B-30A6-8204-00EFCEE21DF0}.RelWithDebInfo|x64.Build.0 = RelWithDebInfo|x64
		{D257780D-999C-36BA-81A3-3AE5E5D7248E}.Debug|x64.ActiveCfg = Debug|x64
		{D257780D-999C-36BA-81A3-3AE5E5D7248E}.Debug|x64.Build.0 = Debug|x64
		{D257780D-999C-36BA-81A3-3AE5E5D7248E}.Release|x64.ActiveCfg = Release|x64
		{D257780D-999C-36BA-81A3-3AE5E5D7248E}.Release|x64.Build.0 = Release|x64
		{D257780D-999C-36BA-81A3-3AE5E5D7248E}.MinSizeRel|x64.ActiveCfg = MinSizeRel|x64
		{D257780D-999C-36BA-81A3-3AE5E5D7248E}.MinSizeRel|x64.Build.0 = MinSizeRel|x64
		{D257780D-999C-36BA-81A3-3AE5E5D7248E}.RelWithDebInfo|x64.ActiveCfg = RelWithDebInfo|x64
		{D257780D-999C-36BA-81A3-3AE5E5D7248E}.RelWithDebInfo|x64.Build.0 = RelWithDebInfo|x64
		{28E861DF-E1C8-383C-8688-81522076D860}.Debug|x64.ActiveCfg = Debug|x64
		{28E861DF-E1C8-383C-8688-81522076D860}.Debug|x64.Build.0 = Debug|x64
		{28E861DF-E1C8-383C-8688-81522076D860}.Release|x64.ActiveCfg = Release|x64
		{28E861DF-E1C8-383C-8688-81522076D860}.Release|x64.Build.0 = Release|x64
		{28E861DF-E1C8-383C-8688-81522076D860}.MinSizeRel|x64.ActiveCfg = MinSizeRel|x64
		{28E861DF-E1C8-383C-8688-81522076D860}.MinSizeRel|x64.Build.0 = MinSizeRel|x64
		{28E861DF-E1C8-383C-8688-81522076D860}.RelWithDebInfo|x64.ActiveCfg = RelWithDebInfo|x64
		{28E861DF-E1C8-383C-8688-81522076D860}.RelWithDebInfo|x64.Build.0 = RelWithDebInfo|x64
		{90419AD7-7D99-39FA-814F-9B82EB803996}.Debug|x64.ActiveCfg = Debug|x64
		{90419AD7-7D99-39FA-814F-9B82EB803996}.Debug|x64.Build.0 = Debug|x64
		{90419AD7-7D99-39FA-814F-9B82EB803996}.Release|x64.ActiveCfg = Release|x64
		{90419AD7-7D99-39FA-814F-9B82EB803996}.Release|x64.Build.0 = Release|x64
		{90419AD7-7D99-39FA-814F-9B82EB803996}.MinSizeRel|x64.ActiveCfg = MinSizeRel|x64
		{90419AD7-7D99-39FA-814F-9B82EB803996}.MinSizeRel|x64.Build.0 = MinSizeRel|x64
		{90419AD7-7D99-39FA-814F-9B82EB803996}.RelWithDebInfo|x64.ActiveCfg = RelWithDebInfo|x64
		{90419AD7-7D99-39FA-814F-9B82EB803996}.RelWithDebInfo|x64.Build.0 = RelWithDebInfo|x64
		{B97D04F4-908E-35CF-8E34-97C5B46D7C18}.Debug|x64.ActiveCfg = Debug|x64
		{B97D04F4-908E-35CF-8E34-97C5B46D7C18}.Debug|x64.Build.0 = Debug|x64
		{B97D04F4-908E-35CF-8E34-97C5B46D7C18}.Release|x64.ActiveCfg = Release|x64
		{B97D04F4-908E-35CF-8E34-97C5B46D7C18}.Release|x64.Build.0 = Release|x64
		{B97D04F4-908E-35CF-8E34-97C5B46D7C18}.MinSizeRel|x64.ActiveCfg = MinSizeRel|x64
		{B97D04F4-908E-35CF-8E34-97C5B46D7C18}.MinSizeRel|x64.Build.0 = MinSizeRel|x64
		{B97D04F4-908E-35CF-8E34-97C5B46D7C18}.RelWithDebInfo|x64.ActiveCfg = RelWithDebInfo|x64
		{B97D04F4-908E-35CF-8E34-97C5B46D7C18}.RelWithDebInfo|x64.Build.0 = RelWithDebInfo|x64
		{8EA5DE7F-E93C-33C2-A486-E42804D0357D}.Debug|x64.ActiveCfg = Debug|x64
		{8EA5DE7F-E93C-33C2-A486-E42804D0357D}.Debug|x64.Build.0 = Debug|x64
		{8EA5DE7F-E93C-33C2-A486-E42804D0357D}.Release|x64.ActiveCfg = Release|x64
		{8EA5DE7F-E93C-33C2-A486-E42804D0357D}.Release|x64.Build.0 = Release|x64
		{8EA5DE7F-E93C-33C2-A486-E42804D0357D}.MinSizeRel|x64.ActiveCfg = MinSizeRel|x64
		{8EA5DE7F-E93C-33C2-A486-E42804D0357D}.MinSizeRel|x64.Build.0 = MinSizeRel|x64
		{8EA5DE7F-E93C-33C2-A486-E42804D0357D}.RelWithDebInfo|x64.ActiveCfg = RelWithDebInfo|x64
		{8EA5DE7F-E93C-33C2-A486-E42804D0357D}.RelWithDebInfo|x64.Build.0 = RelWithDebInfo|x64
	EndGlobalSection
	GlobalSection(NestedProjects) = preSolution
		{9FE53A42-22E1-31F0-9D15-C1F314DC49F8} = {42FC1595-5291-301E-9D97-D9CB7FAD16D9}
		{291C8152-CDE7-3E86-AD2E-DF6E03D7769F} = {42FC1595-5291-301E-9D97-D9CB7FAD16D9}
		{4598B606-1013-392A-A30A-A12864F6276A} = {42FC1595-5291-301E-9D97-D9CB7FAD16D9}
		{1799E3DE-D51B-3103-B5AB-556EFCB3E3B0} = {42FC1595-5291-301E-9D97-D9CB7FAD16D9}
		{64B5B005-8796-3621-AD97-8C1D7602CABB} = {B28A22DB-96B0-34F0-85BC-A67441D180FB}
		{0B729422-1E68-3AC6-92FB-E4B729AA890A} = {B28A22DB-96B0-34F0-85BC-A67441D180FB}
		{C19B3BE1-C87E-3EB6-B776-7E7A41FFE794} = {64B5B005-8796-3621-AD97-8C1D7602CABB}
		{22DA0405-B2AD-3906-A178-6123E4E62A61} = {64B5B005-8796-3621-AD97-8C1D7602CABB}
		{5324A258-5F4B-30A6-8204-00EFCEE21DF0} = {64B5B005-8796-3621-AD97-8C1D7602CABB}
		{D257780D-999C-36BA-81A3-3AE5E5D7248E} = {64B5B005-8796-3621-AD97-8C1D7602CABB}
		{90419AD7-7D99-39FA-814F-9B82EB803996} = {64B5B005-8796-3621-AD97-8C1D7602CABB}
		{8EA5DE7F-E93C-33C2-A486-E42804D0357D} = {64B5B005-8796-3621-AD97-8C1D7602CABB}
		{28E861DF-E1C8-383C-8688-81522076D860} = {0B729422-1E68-3AC6-92FB-E4B729AA890A}
		{6BF94DE6-2A80-3383-BB17-0491ED4701F2} = {5738B8A7-983E-35CC-8F87-EE6043A9C0B2}
		{7E0B4A1F-5325-37C6-AA63-04C994157C10} = {5738B8A7-983E-35CC-8F87-EE6043A9C0B2}
		{E1FEE29A-8FD2-3D5B-958C-D8EB91DC9028} = {6BF94DE6-2A80-3383-BB17-0491ED4701F2}
		{353C9F8C-F095-39F6-8BE5-3477EB2F543A} = {6BF94DE6-2A80-3383-BB17-0491ED4701F2}
		{8CFD63EF-DDFE-39EB-BCDF-98C5D3328DD6} = {6BF94DE6-2A80-3383-BB17-0491ED4701F2}
		{B97D04F4-908E-35CF-8E34-97C5B46D7C18} = {6BF94DE6-2A80-3383-BB17-0491ED4701F2}
		{7AE5E370-B6A5-3A8A-97B2-F31B4D67B0E3} = {7E0B4A1F-5325-37C6-AA63-04C994157C10}
		{3622E126-E8EC-384E-A5E2-AD5D94CD800B} = {7E0B4A1F-5325-37C6-AA63-04C994157C10}
	EndGlobalSection
	GlobalSection(ExtensibilityGlobals) = postSolution
		SolutionGuid = {2FD7C25F-0F15-3CF9-A270-C5DAD7480420}
	EndGlobalSection
	GlobalSection(ExtensibilityAddIns) = postSolution
	EndGlobalSection
EndGlobal
