<?xml version="1.0" encoding="utf-8"?>
<Project ToolsVersion="16.0" xmlns="http://schemas.microsoft.com/developer/msbuild/2003">
  <ItemGroup>
    <ClCompile Include="C:\opendnp3-release\dotnet\CLRAdapter\AssemblyInfo.cpp">
      <Filter>Source Files</Filter>
    </ClCompile>
    <ClCompile Include="C:\opendnp3-release\dotnet\CLRAdapter\src\CallbackAdapters.cpp">
      <Filter>Source Files</Filter>
    </ClCompile>
    <ClCompile Include="C:\opendnp3-release\dotnet\CLRAdapter\src\ChannelAdapter.cpp">
      <Filter>Source Files</Filter>
    </ClCompile>
    <ClCompile Include="C:\opendnp3-release\dotnet\CLRAdapter\src\CommandSetBuilder.cpp">
      <Filter>Source Files</Filter>
    </ClCompile>
    <ClCompile Include="C:\opendnp3-release\dotnet\CLRAdapter\src\Conversions.cpp">
      <Filter>Source Files</Filter>
    </ClCompile>
    <ClCompile Include="C:\opendnp3-release\dotnet\CLRAdapter\src\DNP3ManagerAdapter.cpp">
      <Filter>Source Files</Filter>
    </ClCompile>
    <ClCompile Include="C:\opendnp3-release\dotnet\CLRAdapter\src\ListenCallbacksAdapter.cpp">
      <Filter>Source Files</Filter>
    </ClCompile>
    <ClCompile Include="C:\opendnp3-release\dotnet\CLRAdapter\src\LogAdapter.cpp">
      <Filter>Source Files</Filter>
    </ClCompile>
    <ClCompile Include="C:\opendnp3-release\dotnet\CLRAdapter\src\MasterAdapter.cpp">
      <Filter>Source Files</Filter>
    </ClCompile>
    <ClCompile Include="C:\opendnp3-release\dotnet\CLRAdapter\src\MasterConversions.cpp">
      <Filter>Source Files</Filter>
    </ClCompile>
    <ClCompile Include="C:\opendnp3-release\dotnet\CLRAdapter\src\MasterOperationsAdapter.cpp">
      <Filter>Source Files</Filter>
    </ClCompile>
    <ClCompile Include="C:\opendnp3-release\dotnet\CLRAdapter\src\MasterSessionAdapter.cpp">
      <Filter>Source Files</Filter>
    </ClCompile>
    <ClCompile Include="C:\opendnp3-release\dotnet\CLRAdapter\src\OutstationAdapter.cpp">
      <Filter>Source Files</Filter>
    </ClCompile>
    <ClCompile Include="C:\opendnp3-release\dotnet\CLRAdapter\src\OutstationApplicationAdapter.cpp">
      <Filter>Source Files</Filter>
    </ClCompile>
    <ClCompile Include="C:\opendnp3-release\dotnet\CLRAdapter\src\OutstationCommandHandlerAdapter.cpp">
      <Filter>Source Files</Filter>
    </ClCompile>
    <ClCompile Include="C:\opendnp3-release\dotnet\CLRAdapter\src\SOEHandlerAdapter.cpp">
      <Filter>Source Files</Filter>
    </ClCompile>
    <ClCompile Include="C:\opendnp3-release\dotnet\CLRAdapter\src\SessionAcceptorAdapter.cpp">
      <Filter>Source Files</Filter>
    </ClCompile>
    <ClCompile Include="C:\opendnp3-release\dotnet\CLRAdapter\src\StdIOWorkaround.cpp">
      <Filter>Source Files</Filter>
    </ClCompile>
    <ClCompile Include="C:\opendnp3-release\dotnet\CLRAdapter\src\UpdateAdapter.cpp">
      <Filter>Source Files</Filter>
    </ClCompile>
  </ItemGroup>
  <ItemGroup>
    <ClInclude Include="C:\opendnp3-release\dotnet\CLRAdapter\src\CallbackAdapters.h">
      <Filter>Header Files</Filter>
    </ClInclude>
    <ClInclude Include="C:\opendnp3-release\dotnet\CLRAdapter\src\ChannelAdapter.h">
      <Filter>Header Files</Filter>
    </ClInclude>
    <ClInclude Include="C:\opendnp3-release\dotnet\CLRAdapter\src\ChannelListenerAdapter.h">
      <Filter>Header Files</Filter>
    </ClInclude>
    <ClInclude Include="C:\opendnp3-release\dotnet\CLRAdapter\src\CollectionAdapter.h">
      <Filter>Header Files</Filter>
    </ClInclude>
    <ClInclude Include="C:\opendnp3-release\dotnet\CLRAdapter\src\CommandSetBuilder.h">
      <Filter>Header Files</Filter>
    </ClInclude>
    <ClInclude Include="C:\opendnp3-release\dotnet\CLRAdapter\src\Conversions.h">
      <Filter>Header Files</Filter>
    </ClInclude>
    <ClInclude Include="C:\opendnp3-release\dotnet\CLRAdapter\src\DatabaseAdapter.h">
      <Filter>Header Files</Filter>
    </ClInclude>
    <ClInclude Include="C:\opendnp3-release\dotnet\CLRAdapter\src\DNP3ManagerAdapter.h">
      <Filter>Header Files</Filter>
    </ClInclude>
    <ClInclude Include="C:\opendnp3-release\dotnet\CLRAdapter\src\EventConverter.h">
      <Filter>Header Files</Filter>
    </ClInclude>
    <ClInclude Include="C:\opendnp3-release\dotnet\CLRAdapter\src\ICommandHeaderWorkAround.h">
      <Filter>Header Files</Filter>
    </ClInclude>
    <ClInclude Include="C:\opendnp3-release\dotnet\CLRAdapter\src\ListenCallbacksAdapter.h">
      <Filter>Header Files</Filter>
    </ClInclude>
    <ClInclude Include="C:\opendnp3-release\dotnet\CLRAdapter\src\ListenerAdapter.h">
      <Filter>Header Files</Filter>
    </ClInclude>
    <ClInclude Include="C:\opendnp3-release\dotnet\CLRAdapter\src\Lock.h">
      <Filter>Header Files</Filter>
    </ClInclude>
    <ClInclude Include="C:\opendnp3-release\dotnet\CLRAdapter\src\LogAdapter.h">
      <Filter>Header Files</Filter>
    </ClInclude>
    <ClInclude Include="C:\opendnp3-release\dotnet\CLRAdapter\src\MasterAdapter.h">
      <Filter>Header Files</Filter>
    </ClInclude>
    <ClInclude Include="C:\opendnp3-release\dotnet\CLRAdapter\src\MasterApplicationAdapter.h">
      <Filter>Header Files</Filter>
    </ClInclude>
    <ClInclude Include="C:\opendnp3-release\dotnet\CLRAdapter\src\MasterConversions.h">
      <Filter>Header Files</Filter>
    </ClInclude>
    <ClInclude Include="C:\opendnp3-release\dotnet\CLRAdapter\src\MasterOperationsAdapter.h">
      <Filter>Header Files</Filter>
    </ClInclude>
    <ClInclude Include="C:\opendnp3-release\dotnet\CLRAdapter\src\MasterScanAdapter.h">
      <Filter>Header Files</Filter>
    </ClInclude>
    <ClInclude Include="C:\opendnp3-release\dotnet\CLRAdapter\src\MasterSessionAdapter.h">
      <Filter>Header Files</Filter>
    </ClInclude>
    <ClInclude Include="C:\opendnp3-release\dotnet\CLRAdapter\src\OutstationAdapter.h">
      <Filter>Header Files</Filter>
    </ClInclude>
    <ClInclude Include="C:\opendnp3-release\dotnet\CLRAdapter\src\OutstationApplicationAdapter.h">
      <Filter>Header Files</Filter>
    </ClInclude>
    <ClInclude Include="C:\opendnp3-release\dotnet\CLRAdapter\src\OutstationCommandHandlerAdapter.h">
      <Filter>Header Files</Filter>
    </ClInclude>
    <ClInclude Include="C:\opendnp3-release\dotnet\CLRAdapter\src\SOEHandlerAdapter.h">
      <Filter>Header Files</Filter>
    </ClInclude>
    <ClInclude Include="C:\opendnp3-release\dotnet\CLRAdapter\src\SessionAcceptorAdapter.h">
      <Filter>Header Files</Filter>
    </ClInclude>
    <ClInclude Include="C:\opendnp3-release\dotnet\CLRAdapter\src\StdIOWorkaround.h">
      <Filter>Header Files</Filter>
    </ClInclude>
    <ClInclude Include="C:\opendnp3-release\dotnet\CLRAdapter\src\TaskCallbackAdapter.h">
      <Filter>Header Files</Filter>
    </ClInclude>
    <ClInclude Include="C:\opendnp3-release\dotnet\CLRAdapter\src\UpdateAdapter.h">
      <Filter>Header Files</Filter>
    </ClInclude>
  </ItemGroup>
  <ItemGroup>
    <CustomBuild Include="C:\opendnp3-release\dotnet\CLRAdapter\CMakeLists.txt" />
  </ItemGroup>
  <ItemGroup>
    <Filter Include="Header Files">
      <UniqueIdentifier>{E4F0CD71-3D6D-3B61-8035-21C9D11EA812}</UniqueIdentifier>
    </Filter>
    <Filter Include="Source Files">
      <UniqueIdentifier>{21D69467-8E3F-381F-94EE-0F6FB053060F}</UniqueIdentifier>
    </Filter>
  </ItemGroup>
</Project>
