<?xml version="1.0" encoding="utf-8"?>
<Project ToolsVersion="16.0" xmlns="http://schemas.microsoft.com/developer/msbuild/2003">
  <ItemGroup>
    <ClCompile Include="C:\opendnp3-release\cpp\examples\master-gprs\main.cpp">
      <Filter>Source Files</Filter>
    </ClCompile>
    <ClCompile Include="C:\opendnp3-release\cpp\examples\master-gprs\ExampleListenCallbacks.cpp">
      <Filter>Source Files</Filter>
    </ClCompile>
  </ItemGroup>
  <ItemGroup>
    <ClInclude Include="C:\opendnp3-release\cpp\examples\master-gprs\ExampleListenCallbacks.h">
      <Filter>Header Files</Filter>
    </ClInclude>
  </ItemGroup>
  <ItemGroup>
    <CustomBuild Include="C:\opendnp3-release\cpp\examples\master-gprs\CMakeLists.txt" />
  </ItemGroup>
  <ItemGroup>
    <Filter Include="Header Files">
      <UniqueIdentifier>{E4F0CD71-3D6D-3B61-8035-21C9D11EA812}</UniqueIdentifier>
    </Filter>
    <Filter Include="Source Files">
      <UniqueIdentifier>{21D69467-8E3F-381F-94EE-0F6FB053060F}</UniqueIdentifier>
    </Filter>
  </ItemGroup>
</Project>
